Microsoft Visual Studio Solution File, Format Version 11.00
# Visual Studio 2008

Project("{072BAE55-E992-A938-421A-5C78A192409D}") = "WhereToGo", "Assembly-CSharp.csproj", "{5E35759F-9E24-E5FB-9F61-FE95CD5645BD}"
EndProject
Global
	GlobalSection(SolutionConfigurationPlatforms) = preSolution
		Debug|Any CPU = Debug|Any CPU
		Release|Any CPU = Release|Any CPU
	EndGlobalSection
	GlobalSection(ProjectConfigurationPlatforms) = postSolution
		{5E35759F-9E24-E5FB-9F61-FE95CD5645BD}.Debug|Any CPU.ActiveCfg = Debug|Any CPU
		{5E35759F-9E24-E5FB-9F61-FE95CD5645BD}.Debug|Any CPU.Build.0 = Debug|Any CPU
		{5E35759F-9E24-E5FB-9F61-FE95CD5645BD}.Release|Any CPU.ActiveCfg = Release|Any CPU
		{5E35759F-9E24-E5FB-9F61-FE95CD5645BD}.Release|Any CPU.Build.0 = Release|Any CPU
	EndGlobalSection
	GlobalSection(SolutionProperties) = preSolution
		HideSolutionNode = FALSE
	EndGlobalSection
	GlobalSection(MonoDevelopProperties) = preSolution
		StartupItem = Assembly-CSharp.csproj
	EndGlobalSection
EndGlobal
